
Microsoft Visual Studio Solution File, Format Version 12.00
# Visual Studio Version 17
VisualStudioVersion = 17.11.35312.102
MinimumVisualStudioVersion = 10.0.40219.1
Project("{FAE04EC0-301F-11D3-BF4B-00C04F79EFBC}") = "Практика 3", "Практика 3\Практика 3.csproj", "{44554728-9B70-4838-B136-3AFE33070E83}"
EndProject
Global
	GlobalSection(SolutionConfigurationPlatforms) = preSolution
		Debug|Any CPU = Debug|Any CPU
		Release|Any CPU = Release|Any CPU
	EndGlobalSection
	GlobalSection(ProjectConfigurationPlatforms) = postSolution
		{44554728-9B70-4838-B136-3AFE33070E83}.Debug|Any CPU.ActiveCfg = Debug|Any CPU
		{44554728-9B70-4838-B136-3AFE33070E83}.Debug|Any CPU.Build.0 = Debug|Any CPU
		{44554728-9B70-4838-B136-3AFE33070E83}.Release|Any CPU.ActiveCfg = Release|Any CPU
		{44554728-9B70-4838-B136-3AFE33070E83}.Release|Any CPU.Build.0 = Release|Any CPU
	EndGlobalSection
	GlobalSection(SolutionProperties) = preSolution
		HideSolutionNode = FALSE
	EndGlobalSection
	GlobalSection(ExtensibilityGlobals) = postSolution
		SolutionGuid = {363EED7B-C26A-4484-9BDC-072423358AAF}
	EndGlobalSection
EndGlobal
